
Microsoft Visual Studio Solution File, Format Version 12.00
# Visual Studio Version 17
VisualStudioVersion = 17.2.32526.322
MinimumVisualStudioVersion = 10.0.40219.1
Project("{9A19103F-16F7-4668-BE54-9A1E7A4F7556}") = "Minecraft", "Minecraft\Minecraft.csproj", "{3B8B84CD-CEA8-46C2-80C9-F7C45FA4CB2B}"
EndProject
Global
	GlobalSection(SolutionConfigurationPlatforms) = preSolution
		Debug|Any CPU = Debug|Any CPU
		Release|Any CPU = Release|Any CPU
	EndGlobalSection
	GlobalSection(ProjectConfigurationPlatforms) = postSolution
		{3B8B84CD-CEA8-46C2-80C9-F7C45FA4CB2B}.Debug|Any CPU.ActiveCfg = Debug|Any CPU
		{3B8B84CD-CEA8-46C2-80C9-F7C45FA4CB2B}.Debug|Any CPU.Build.0 = Debug|Any CPU
		{3B8B84CD-CEA8-46C2-80C9-F7C45FA4CB2B}.Release|Any CPU.ActiveCfg = Release|Any CPU
		{3B8B84CD-CEA8-46C2-80C9-F7C45FA4CB2B}.Release|Any CPU.Build.0 = Release|Any CPU
	EndGlobalSection
	GlobalSection(SolutionProperties) = preSolution
		HideSolutionNode = FALSE
	EndGlobalSection
	GlobalSection(ExtensibilityGlobals) = postSolution
		SolutionGuid = {3884578B-5319-4DC7-952B-50AA80A2B6AF}
	EndGlobalSection
EndGlobal
